{
  "lockfileVersion": 1,
  "configVersion": 1,
  "workspaces": {
    "": {
      "name": "bunny-hop",
      "dependencies": {
        "consola": "^3.4.2",
        "three": "^0.172.0",
      },
      "devDependencies": {
        "@biomejs/biome": "2.3.8",
        "@types/bun": "latest",
        "@types/three": "^0.172.0",
        "lefthook": "^2.0.15",
        "typescript": "^5.0.0",
      },
    },
  },
  "packages": {
    "@biomejs/biome": ["@biomejs/biome@2.3.8", "", { "optionalDependencies": { "@biomejs/cli-darwin-arm64": "2.3.8", "@biomejs/cli-darwin-x64": "2.3.8", "@biomejs/cli-linux-arm64": "2.3.8", "@biomejs/cli-linux-arm64-musl": "2.3.8", "@biomejs/cli-linux-x64": "2.3.8", "@biomejs/cli-linux-x64-musl": "2.3.8", "@biomejs/cli-win32-arm64": "2.3.8", "@biomejs/cli-win32-x64": "2.3.8" }, "bin": { "biome": "bin/biome" } }, "sha512-Qjsgoe6FEBxWAUzwFGFrB+1+M8y/y5kwmg5CHac+GSVOdmOIqsAiXM5QMVGZJ1eCUCLlPZtq4aFAQ0eawEUuUA=="],

    "@biomejs/cli-darwin-arm64": ["@biomejs/cli-darwin-arm64@2.3.8", "", { "os": "darwin", "cpu": "arm64" }, "sha512-HM4Zg9CGQ3txTPflxD19n8MFPrmUAjaC7PQdLkugeeC0cQ+PiVrd7i09gaBS/11QKsTDBJhVg85CEIK9f50Qww=="],

    "@biomejs/cli-darwin-x64": ["@biomejs/cli-darwin-x64@2.3.8", "", { "os": "darwin", "cpu": "x64" }, "sha512-lUDQ03D7y/qEao7RgdjWVGCu+BLYadhKTm40HkpJIi6kn8LSv5PAwRlew/DmwP4YZ9ke9XXoTIQDO1vAnbRZlA=="],

    "@biomejs/cli-linux-arm64": ["@biomejs/cli-linux-arm64@2.3.8", "", { "os": "linux", "cpu": "arm64" }, "sha512-Uo1OJnIkJgSgF+USx970fsM/drtPcQ39I+JO+Fjsaa9ZdCN1oysQmy6oAGbyESlouz+rzEckLTF6DS7cWse95g=="],

    "@biomejs/cli-linux-arm64-musl": ["@biomejs/cli-linux-arm64-musl@2.3.8", "", { "os": "linux", "cpu": "arm64" }, "sha512-PShR4mM0sjksUMyxbyPNMxoKFPVF48fU8Qe8Sfx6w6F42verbwRLbz+QiKNiDPRJwUoMG1nPM50OBL3aOnTevA=="],

    "@biomejs/cli-linux-x64": ["@biomejs/cli-linux-x64@2.3.8", "", { "os": "linux", "cpu": "x64" }, "sha512-QDPMD5bQz6qOVb3kiBui0zKZXASLo0NIQ9JVJio5RveBEFgDgsvJFUvZIbMbUZT3T00M/1wdzwWXk4GIh0KaAw=="],

    "@biomejs/cli-linux-x64-musl": ["@biomejs/cli-linux-x64-musl@2.3.8", "", { "os": "linux", "cpu": "x64" }, "sha512-YGLkqU91r1276uwSjiUD/xaVikdxgV1QpsicT0bIA1TaieM6E5ibMZeSyjQ/izBn4tKQthUSsVZacmoJfa3pDA=="],

    "@biomejs/cli-win32-arm64": ["@biomejs/cli-win32-arm64@2.3.8", "", { "os": "win32", "cpu": "arm64" }, "sha512-H4IoCHvL1fXKDrTALeTKMiE7GGWFAraDwBYFquE/L/5r1927Te0mYIGseXi4F+lrrwhSWbSGt5qPFswNoBaCxg=="],

    "@biomejs/cli-win32-x64": ["@biomejs/cli-win32-x64@2.3.8", "", { "os": "win32", "cpu": "x64" }, "sha512-RguzimPoZWtBapfKhKjcWXBVI91tiSprqdBYu7tWhgN8pKRZhw24rFeNZTNf6UiBfjCYCi9eFQs/JzJZIhuK4w=="],

    "@tweenjs/tween.js": ["@tweenjs/tween.js@23.1.3", "", {}, "sha512-vJmvvwFxYuGnF2axRtPYocag6Clbb5YS7kLL+SO/TeVFzHqDIWrNKYtcsPMibjDx9O+bu+psAy9NKfWklassUA=="],

    "@types/bun": ["@types/bun@1.3.8", "", { "dependencies": { "bun-types": "1.3.8" } }, "sha512-3LvWJ2q5GerAXYxO2mffLTqOzEu5qnhEAlh48Vnu8WQfnmSwbgagjGZV6BoHKJztENYEDn6QmVd949W4uESRJA=="],

    "@types/node": ["@types/node@25.1.0", "", { "dependencies": { "undici-types": "~7.16.0" } }, "sha512-t7frlewr6+cbx+9Ohpl0NOTKXZNV9xHRmNOvql47BFJKcEG1CxtxlPEEe+gR9uhVWM4DwhnvTF110mIL4yP9RA=="],

    "@types/stats.js": ["@types/stats.js@0.17.4", "", {}, "sha512-jIBvWWShCvlBqBNIZt0KAshWpvSjhkwkEu4ZUcASoAvhmrgAUI2t1dXrjSL4xXVLB4FznPrIsX3nKXFl/Dt4vA=="],

    "@types/three": ["@types/three@0.172.0", "", { "dependencies": { "@tweenjs/tween.js": "~23.1.3", "@types/stats.js": "*", "@types/webxr": "*", "@webgpu/types": "*", "fflate": "~0.8.2", "meshoptimizer": "~0.18.1" } }, "sha512-LrUtP3FEG26Zg5WiF0nbg8VoXiKokBLTcqM2iLvM9vzcfEiYmmBAPGdBgV0OYx9fvWlY3R/3ERTZcD9X5sc0NA=="],

    "@types/webxr": ["@types/webxr@0.5.24", "", {}, "sha512-h8fgEd/DpoS9CBrjEQXR+dIDraopAEfu4wYVNY2tEPwk60stPWhvZMf4Foo5FakuQ7HFZoa8WceaWFervK2Ovg=="],

    "@webgpu/types": ["@webgpu/types@0.1.69", "", {}, "sha512-RPmm6kgRbI8e98zSD3RVACvnuktIja5+yLgDAkTmxLr90BEwdTXRQWNLF3ETTTyH/8mKhznZuN5AveXYFEsMGQ=="],

    "bun-types": ["bun-types@1.3.8", "", { "dependencies": { "@types/node": "*" } }, "sha512-fL99nxdOWvV4LqjmC+8Q9kW3M4QTtTR1eePs94v5ctGqU8OeceWrSUaRw3JYb7tU3FkMIAjkueehrHPPPGKi5Q=="],

    "consola": ["consola@3.4.2", "", {}, "sha512-5IKcdX0nnYavi6G7TtOhwkYzyjfJlatbjMjuLSfE2kYT5pMDOilZ4OvMhi637CcDICTmz3wARPoyhqyX1Y+XvA=="],

    "fflate": ["fflate@0.8.2", "", {}, "sha512-cPJU47OaAoCbg0pBvzsgpTPhmhqI5eJjh/JIu8tPj5q+T7iLvW/JAYUqmE7KOB4R1ZyEhzBaIQpQpardBF5z8A=="],

    "lefthook": ["lefthook@2.0.16", "", { "optionalDependencies": { "lefthook-darwin-arm64": "2.0.16", "lefthook-darwin-x64": "2.0.16", "lefthook-freebsd-arm64": "2.0.16", "lefthook-freebsd-x64": "2.0.16", "lefthook-linux-arm64": "2.0.16", "lefthook-linux-x64": "2.0.16", "lefthook-openbsd-arm64": "2.0.16", "lefthook-openbsd-x64": "2.0.16", "lefthook-windows-arm64": "2.0.16", "lefthook-windows-x64": "2.0.16" }, "bin": { "lefthook": "bin/index.js" } }, "sha512-ABs3M5V9c4nqxFnZO509HXuQTu8GM8hmqc9ruV0acQ81yKlxEq70MRoYP5Z1dr5le326X8vA5qj3arJA36yE3A=="],

    "lefthook-darwin-arm64": ["lefthook-darwin-arm64@2.0.16", "", { "os": "darwin", "cpu": "arm64" }, "sha512-kjVHkD7rfPa7M0aKJSx/yatdV9uC6o3cJyzM9zk7cg5HD7alSwchFalgF/P0w6nt7C02rAUx8C05qiWCDWaKeA=="],

    "lefthook-darwin-x64": ["lefthook-darwin-x64@2.0.16", "", { "os": "darwin", "cpu": "x64" }, "sha512-tbJ0mdT49DNRLqknro0BvWrYNC23TTcqBJFQnQ32pq1/H9B87bTNKvKKAtogp/saxfHUzkIq1i3twZlBZ3G3Xw=="],

    "lefthook-freebsd-arm64": ["lefthook-freebsd-arm64@2.0.16", "", { "os": "freebsd", "cpu": "arm64" }, "sha512-wa1KFD5tSUhw3tuetVef/BCSxbbmS7auTDNdoLx3WFeuN5RS15woSN9+E8GPGOOY1g2HCsgdLrhrexEomulfjQ=="],

    "lefthook-freebsd-x64": ["lefthook-freebsd-x64@2.0.16", "", { "os": "freebsd", "cpu": "x64" }, "sha512-UXowfn2e94AwNk9UuoePRK+qiF15jZsssiyA15VK5GTtxpn6Sn+Z2QFciofxJczXXxM4abaf7qgx2OoJBt32VA=="],

    "lefthook-linux-arm64": ["lefthook-linux-arm64@2.0.16", "", { "os": "linux", "cpu": "arm64" }, "sha512-U355elz4Z0AHSVqxfcglN09TGR86ov/GtYlliDknci2mmz6EWLiD3dTYnqJiwa4dYxqmuCDc/DvAL9rgb3YJiQ=="],

    "lefthook-linux-x64": ["lefthook-linux-x64@2.0.16", "", { "os": "linux", "cpu": "x64" }, "sha512-7eAvBeWGAgjOKZ23OQbjJINLPImDIuDeX8dXOfk+aI6IFt2X6KCzRkp+ASUvGQtrPuNZQZT43EhW0/1jZU14ZQ=="],

    "lefthook-openbsd-arm64": ["lefthook-openbsd-arm64@2.0.16", "", { "os": "openbsd", "cpu": "arm64" }, "sha512-Fcd+E17ZkWGnRSQINb5gf+rNy2So5PYn5mBljiC31dl+TgWM8Wy46mSEGveHo7lKCO3q+DkmHIa50Qm58G03AQ=="],

    "lefthook-openbsd-x64": ["lefthook-openbsd-x64@2.0.16", "", { "os": "openbsd", "cpu": "x64" }, "sha512-uL5nOkz8eBtQHped0/tB5X8clZ5kfnyjQrv1fpKbGAjeFHI2J+GmRqcn6Awq2IeuBbQvkyV6jDjpATyHBp5mCA=="],

    "lefthook-windows-arm64": ["lefthook-windows-arm64@2.0.16", "", { "os": "win32", "cpu": "arm64" }, "sha512-U61bNWzD6Vd2kjuJ7b4voPfTQ4mlBFOyTpCU3k/h0YjpKDQEFT1T5fDKkDothdnw/JVDSgrclIcfAY7Jyr/UIg=="],

    "lefthook-windows-x64": ["lefthook-windows-x64@2.0.16", "", { "os": "win32", "cpu": "x64" }, "sha512-dCHi2+hebhPI0LQUGRNjPMsGRyXhrTN3Y/b8M4HO8KVyGamKB3Yemf67ya81tZopDkxNVy5XUBXLYWKGhnAfLQ=="],

    "meshoptimizer": ["meshoptimizer@0.18.1", "", {}, "sha512-ZhoIoL7TNV4s5B6+rx5mC//fw8/POGyNxS/DZyCJeiZ12ScLfVwRE/GfsxwiTkMYYD5DmK2/JXnEVXqL4rF+Sw=="],

    "three": ["three@0.172.0", "", {}, "sha512-6HMgMlzU97MsV7D/tY8Va38b83kz8YJX+BefKjspMNAv0Vx6dxMogHOrnRl/sbMIs3BPUKijPqDqJ/+UwJbIow=="],

    "typescript": ["typescript@5.9.3", "", { "bin": { "tsc": "bin/tsc", "tsserver": "bin/tsserver" } }, "sha512-jl1vZzPDinLr9eUt3J/t7V6FgNEw9QjvBPdysz9KfQDD41fQrC2Y4vKQdiaUpFT4bXlb1RHhLpp8wtm6M5TgSw=="],

    "undici-types": ["undici-types@7.16.0", "", {}, "sha512-Zz+aZWSj8LE6zoxD+xrjh4VfkIG8Ya6LvYkZqtUQGJPZjYl53ypCaUwWqo7eI0x66KBGeRo+mlBEkMSeSZ38Nw=="],
  }
}
